PODS:
  - GoogleAnalytics (3.17.0)

DEPENDENCIES:
  - GoogleAnalytics

SPEC REPOS:
  https://github.com/cocoapods/specs.git:
    - GoogleAnalytics

SPEC CHECKSUMS:
  GoogleAnalytics: f42cc53a87a51fe94334821868d9c8481ff47a7b

PODFILE CHECKSUM: 1641c69860fae4f2c6f3e38ee7df4f340fa91ed8

COCOAPODS: 1.5.3
